
Microsoft Visual Studio Solution File, Format Version 12.00
# Visual Studio Version 17
VisualStudioVersion = 17.4.33015.44
MinimumVisualStudioVersion = 10.0.40219.1
Project("{9A19103F-16F7-4668-BE54-9A1E7A4F7556}") = "WebView2WpfBrowser", "WebView2WpfBrowser.csproj", "{EE405166-276B-486B-A7C6-D3E5BE2BBB6C}"
EndProject
Project("{C7167F0D-BC9F-4E6E-AFE1-012C56B48DB5}") = "Package", "..\Package\Package.wapproj", "{E2FBE6B1-E293-4392-A635-EFBF77862BC4}"
EndProject
Global
	GlobalSection(SolutionConfigurationPlatforms) = preSolution
		Debug Experimental APIs|Any CPU = Debug Experimental APIs|Any CPU
		Debug Experimental APIs|ARM = Debug Experimental APIs|ARM
		Debug Experimental APIs|ARM64 = Debug Experimental APIs|ARM64
		Debug Experimental APIs|x64 = Debug Experimental APIs|x64
		Debug Experimental APIs|x86 = Debug Experimental APIs|x86
		Debug Stable APIs|Any CPU = Debug Stable APIs|Any CPU
		Debug Stable APIs|ARM = Debug Stable APIs|ARM
		Debug Stable APIs|ARM64 = Debug Stable APIs|ARM64
		Debug Stable APIs|x64 = Debug Stable APIs|x64
		Debug Stable APIs|x86 = Debug Stable APIs|x86
		Debug|Any CPU = Debug|Any CPU
		Debug|ARM = Debug|ARM
		Debug|ARM64 = Debug|ARM64
		Debug|x64 = Debug|x64
		Debug|x86 = Debug|x86
		Release Experimental APIs|Any CPU = Release Experimental APIs|Any CPU
		Release Experimental APIs|ARM = Release Experimental APIs|ARM
		Release Experimental APIs|ARM64 = Release Experimental APIs|ARM64
		Release Experimental APIs|x64 = Release Experimental APIs|x64
		Release Experimental APIs|x86 = Release Experimental APIs|x86
		Release Stable APIs|Any CPU = Release Stable APIs|Any CPU
		Release Stable APIs|ARM = Release Stable APIs|ARM
		Release Stable APIs|ARM64 = Release Stable APIs|ARM64
		Release Stable APIs|x64 = Release Stable APIs|x64
		Release Stable APIs|x86 = Release Stable APIs|x86
		Release|Any CPU = Release|Any CPU
		Release|ARM = Release|ARM
		Release|ARM64 = Release|ARM64
		Release|x64 = Release|x64
		Release|x86 = Release|x86
	EndGlobalSection
	GlobalSection(ProjectConfigurationPlatforms) = postSolution
		{EE405166-276B-486B-A7C6-D3E5BE2BBB6C}.Debug Experimental APIs|Any CPU.ActiveCfg = Debug Experimental APIs|Any CPU
		{EE405166-276B-486B-A7C6-D3E5BE2BBB6C}.Debug Experimental APIs|Any CPU.Build.0 = Debug Experimental APIs|Any CPU
		{EE405166-276B-486B-A7C6-D3E5BE2BBB6C}.Debug Experimental APIs|ARM.ActiveCfg = Debug Experimental APIs|Any CPU
		{EE405166-276B-486B-A7C6-D3E5BE2BBB6C}.Debug Experimental APIs|ARM.Build.0 = Debug Experimental APIs|Any CPU
		{EE405166-276B-486B-A7C6-D3E5BE2BBB6C}.Debug Experimental APIs|ARM64.ActiveCfg = Debug Experimental APIs|Any CPU
		{EE405166-276B-486B-A7C6-D3E5BE2BBB6C}.Debug Experimental APIs|ARM64.Build.0 = Debug Experimental APIs|Any CPU
		{EE405166-276B-486B-A7C6-D3E5BE2BBB6C}.Debug Experimental APIs|x64.ActiveCfg = Debug Experimental APIs|Any CPU
		{EE405166-276B-486B-A7C6-D3E5BE2BBB6C}.Debug Experimental APIs|x64.Build.0 = Debug Experimental APIs|Any CPU
		{EE405166-276B-486B-A7C6-D3E5BE2BBB6C}.Debug Experimental APIs|x86.ActiveCfg = Debug Experimental APIs|Any CPU
		{EE405166-276B-486B-A7C6-D3E5BE2BBB6C}.Debug Experimental APIs|x86.Build.0 = Debug Experimental APIs|Any CPU
		{EE405166-276B-486B-A7C6-D3E5BE2BBB6C}.Debug Stable APIs|Any CPU.ActiveCfg = Debug Stable APIs|Any CPU
		{EE405166-276B-486B-A7C6-D3E5BE2BBB6C}.Debug Stable APIs|Any CPU.Build.0 = Debug Stable APIs|Any CPU
		{EE405166-276B-486B-A7C6-D3E5BE2BBB6C}.Debug Stable APIs|ARM.ActiveCfg = Debug Stable APIs|Any CPU
		{EE405166-276B-486B-A7C6-D3E5BE2BBB6C}.Debug Stable APIs|ARM.Build.0 = Debug Stable APIs|Any CPU
		{EE405166-276B-486B-A7C6-D3E5BE2BBB6C}.Debug Stable APIs|ARM64.ActiveCfg = Debug Stable APIs|Any CPU
		{EE405166-276B-486B-A7C6-D3E5BE2BBB6C}.Debug Stable APIs|ARM64.Build.0 = Debug Stable APIs|Any CPU
		{EE405166-276B-486B-A7C6-D3E5BE2BBB6C}.Debug Stable APIs|x64.ActiveCfg = Debug Stable APIs|Any CPU
		{EE405166-276B-486B-A7C6-D3E5BE2BBB6C}.Debug Stable APIs|x64.Build.0 = Debug Stable APIs|Any CPU
		{EE405166-276B-486B-A7C6-D3E5BE2BBB6C}.Debug Stable APIs|x86.ActiveCfg = Debug Stable APIs|Any CPU
		{EE405166-276B-486B-A7C6-D3E5BE2BBB6C}.Debug Stable APIs|x86.Build.0 = Debug Stable APIs|Any CPU
		{EE405166-276B-486B-A7C6-D3E5BE2BBB6C}.Debug|Any CPU.ActiveCfg = Debug Stable APIs|Any CPU
		{EE405166-276B-486B-A7C6-D3E5BE2BBB6C}.Debug|Any CPU.Build.0 = Debug Stable APIs|Any CPU
		{EE405166-276B-486B-A7C6-D3E5BE2BBB6C}.Debug|ARM.ActiveCfg = Debug Stable APIs|Any CPU
		{EE405166-276B-486B-A7C6-D3E5BE2BBB6C}.Debug|ARM.Build.0 = Debug Stable APIs|Any CPU
		{EE405166-276B-486B-A7C6-D3E5BE2BBB6C}.Debug|ARM64.ActiveCfg = Debug Stable APIs|Any CPU
		{EE405166-276B-486B-A7C6-D3E5BE2BBB6C}.Debug|ARM64.Build.0 = Debug Stable APIs|Any CPU
		{EE405166-276B-486B-A7C6-D3E5BE2BBB6C}.Debug|x64.ActiveCfg = Debug Stable APIs|Any CPU
		{EE405166-276B-486B-A7C6-D3E5BE2BBB6C}.Debug|x64.Build.0 = Debug Stable APIs|Any CPU
		{EE405166-276B-486B-A7C6-D3E5BE2BBB6C}.Debug|x86.ActiveCfg = Debug Stable APIs|Any CPU
		{EE405166-276B-486B-A7C6-D3E5BE2BBB6C}.Debug|x86.Build.0 = Debug Stable APIs|Any CPU
		{EE405166-276B-486B-A7C6-D3E5BE2BBB6C}.Release Experimental APIs|Any CPU.ActiveCfg = Release Experimental APIs|Any CPU
		{EE405166-276B-486B-A7C6-D3E5BE2BBB6C}.Release Experimental APIs|Any CPU.Build.0 = Release Experimental APIs|Any CPU
		{EE405166-276B-486B-A7C6-D3E5BE2BBB6C}.Release Experimental APIs|ARM.ActiveCfg = Release Experimental APIs|Any CPU
		{EE405166-276B-486B-A7C6-D3E5BE2BBB6C}.Release Experimental APIs|ARM.Build.0 = Release Experimental APIs|Any CPU
		{EE405166-276B-486B-A7C6-D3E5BE2BBB6C}.Release Experimental APIs|ARM64.ActiveCfg = Release Experimental APIs|Any CPU
		{EE405166-276B-486B-A7C6-D3E5BE2BBB6C}.Release Experimental APIs|ARM64.Build.0 = Release Experimental APIs|Any CPU
		{EE405166-276B-486B-A7C6-D3E5BE2BBB6C}.Release Experimental APIs|x64.ActiveCfg = Release Experimental APIs|Any CPU
		{EE405166-276B-486B-A7C6-D3E5BE2BBB6C}.Release Experimental APIs|x64.Build.0 = Release Experimental APIs|Any CPU
		{EE405166-276B-486B-A7C6-D3E5BE2BBB6C}.Release Experimental APIs|x86.ActiveCfg = Release Experimental APIs|Any CPU
		{EE405166-276B-486B-A7C6-D3E5BE2BBB6C}.Release Experimental APIs|x86.Build.0 = Release Experimental APIs|Any CPU
		{EE405166-276B-486B-A7C6-D3E5BE2BBB6C}.Release Stable APIs|Any CPU.ActiveCfg = Release Stable APIs|Any CPU
		{EE405166-276B-486B-A7C6-D3E5BE2BBB6C}.Release Stable APIs|Any CPU.Build.0 = Release Stable APIs|Any CPU
		{EE405166-276B-486B-A7C6-D3E5BE2BBB6C}.Release Stable APIs|ARM.ActiveCfg = Release Stable APIs|Any CPU
		{EE405166-276B-486B-A7C6-D3E5BE2BBB6C}.Release Stable APIs|ARM.Build.0 = Release Stable APIs|Any CPU
		{EE405166-276B-486B-A7C6-D3E5BE2BBB6C}.Release Stable APIs|ARM64.ActiveCfg = Release Stable APIs|Any CPU
		{EE405166-276B-486B-A7C6-D3E5BE2BBB6C}.Release Stable APIs|ARM64.Build.0 = Release Stable APIs|Any CPU
		{EE405166-276B-486B-A7C6-D3E5BE2BBB6C}.Release Stable APIs|x64.ActiveCfg = Release Stable APIs|Any CPU
		{EE405166-276B-486B-A7C6-D3E5BE2BBB6C}.Release Stable APIs|x64.Build.0 = Release Stable APIs|Any CPU
		{EE405166-276B-486B-A7C6-D3E5BE2BBB6C}.Release Stable APIs|x86.ActiveCfg = Release Stable APIs|Any CPU
		{EE405166-276B-486B-A7C6-D3E5BE2BBB6C}.Release Stable APIs|x86.Build.0 = Release Stable APIs|Any CPU
		{EE405166-276B-486B-A7C6-D3E5BE2BBB6C}.Release|Any CPU.ActiveCfg = Release Stable APIs|Any CPU
		{EE405166-276B-486B-A7C6-D3E5BE2BBB6C}.Release|Any CPU.Build.0 = Release Stable APIs|Any CPU
		{EE405166-276B-486B-A7C6-D3E5BE2BBB6C}.Release|ARM.ActiveCfg = Release Stable APIs|Any CPU
		{EE405166-276B-486B-A7C6-D3E5BE2BBB6C}.Release|ARM.Build.0 = Release Stable APIs|Any CPU
		{EE405166-276B-486B-A7C6-D3E5BE2BBB6C}.Release|ARM64.ActiveCfg = Release Stable APIs|Any CPU
		{EE405166-276B-486B-A7C6-D3E5BE2BBB6C}.Release|ARM64.Build.0 = Release Stable APIs|Any CPU
		{EE405166-276B-486B-A7C6-D3E5BE2BBB6C}.Release|x64.ActiveCfg = Release|x64
		{EE405166-276B-486B-A7C6-D3E5BE2BBB6C}.Release|x64.Build.0 = Release|x64
		{EE405166-276B-486B-A7C6-D3E5BE2BBB6C}.Release|x86.ActiveCfg = Release Stable APIs|Any CPU
		{EE405166-276B-486B-A7C6-D3E5BE2BBB6C}.Release|x86.Build.0 = Release Stable APIs|Any CPU
		{E2FBE6B1-E293-4392-A635-EFBF77862BC4}.Debug Experimental APIs|Any CPU.ActiveCfg = Debug|Any CPU
		{E2FBE6B1-E293-4392-A635-EFBF77862BC4}.Debug Experimental APIs|Any CPU.Build.0 = Debug|Any CPU
		{E2FBE6B1-E293-4392-A635-EFBF77862BC4}.Debug Experimental APIs|Any CPU.Deploy.0 = Debug|Any CPU
		{E2FBE6B1-E293-4392-A635-EFBF77862BC4}.Debug Experimental APIs|ARM.ActiveCfg = Debug|ARM
		{E2FBE6B1-E293-4392-A635-EFBF77862BC4}.Debug Experimental APIs|ARM.Build.0 = Debug|ARM
		{E2FBE6B1-E293-4392-A635-EFBF77862BC4}.Debug Experimental APIs|ARM.Deploy.0 = Debug|ARM
		{E2FBE6B1-E293-4392-A635-EFBF77862BC4}.Debug Experimental APIs|ARM64.ActiveCfg = Debug|ARM64
		{E2FBE6B1-E293-4392-A635-EFBF77862BC4}.Debug Experimental APIs|ARM64.Build.0 = Debug|ARM64
		{E2FBE6B1-E293-4392-A635-EFBF77862BC4}.Debug Experimental APIs|ARM64.Deploy.0 = Debug|ARM64
		{E2FBE6B1-E293-4392-A635-EFBF77862BC4}.Debug Experimental APIs|x64.ActiveCfg = Debug|x64
		{E2FBE6B1-E293-4392-A635-EFBF77862BC4}.Debug Experimental APIs|x64.Build.0 = Debug|x64
		{E2FBE6B1-E293-4392-A635-EFBF77862BC4}.Debug Experimental APIs|x64.Deploy.0 = Debug|x64
		{E2FBE6B1-E293-4392-A635-EFBF77862BC4}.Debug Experimental APIs|x86.ActiveCfg = Debug|x86
		{E2FBE6B1-E293-4392-A635-EFBF77862BC4}.Debug Experimental APIs|x86.Build.0 = Debug|x86
		{E2FBE6B1-E293-4392-A635-EFBF77862BC4}.Debug Experimental APIs|x86.Deploy.0 = Debug|x86
		{E2FBE6B1-E293-4392-A635-EFBF77862BC4}.Debug Stable APIs|Any CPU.ActiveCfg = Debug|Any CPU
		{E2FBE6B1-E293-4392-A635-EFBF77862BC4}.Debug Stable APIs|Any CPU.Build.0 = Debug|Any CPU
		{E2FBE6B1-E293-4392-A635-EFBF77862BC4}.Debug Stable APIs|Any CPU.Deploy.0 = Debug|Any CPU
		{E2FBE6B1-E293-4392-A635-EFBF77862BC4}.Debug Stable APIs|ARM.ActiveCfg = Debug|ARM
		{E2FBE6B1-E293-4392-A635-EFBF77862BC4}.Debug Stable APIs|ARM.Build.0 = Debug|ARM
		{E2FBE6B1-E293-4392-A635-EFBF77862BC4}.Debug Stable APIs|ARM.Deploy.0 = Debug|ARM
		{E2FBE6B1-E293-4392-A635-EFBF77862BC4}.Debug Stable APIs|ARM64.ActiveCfg = Debug|ARM64
		{E2FBE6B1-E293-4392-A635-EFBF77862BC4}.Debug Stable APIs|ARM64.Build.0 = Debug|ARM64
		{E2FBE6B1-E293-4392-A635-EFBF77862BC4}.Debug Stable APIs|ARM64.Deploy.0 = Debug|ARM64
		{E2FBE6B1-E293-4392-A635-EFBF77862BC4}.Debug Stable APIs|x64.ActiveCfg = Debug|x64
		{E2FBE6B1-E293-4392-A635-EFBF77862BC4}.Debug Stable APIs|x64.Build.0 = Debug|x64
		{E2FBE6B1-E293-4392-A635-EFBF77862BC4}.Debug Stable APIs|x64.Deploy.0 = Debug|x64
		{E2FBE6B1-E293-4392-A635-EFBF77862BC4}.Debug Stable APIs|x86.ActiveCfg = Debug|x86
		{E2FBE6B1-E293-4392-A635-EFBF77862BC4}.Debug Stable APIs|x86.Build.0 = Debug|x86
		{E2FBE6B1-E293-4392-A635-EFBF77862BC4}.Debug Stable APIs|x86.Deploy.0 = Debug|x86
		{E2FBE6B1-E293-4392-A635-EFBF77862BC4}.Debug|Any CPU.ActiveCfg = Debug|Any CPU
		{E2FBE6B1-E293-4392-A635-EFBF77862BC4}.Debug|Any CPU.Build.0 = Debug|Any CPU
		{E2FBE6B1-E293-4392-A635-EFBF77862BC4}.Debug|Any CPU.Deploy.0 = Debug|Any CPU
		{E2FBE6B1-E293-4392-A635-EFBF77862BC4}.Debug|ARM.ActiveCfg = Debug|ARM
		{E2FBE6B1-E293-4392-A635-EFBF77862BC4}.Debug|ARM.Build.0 = Debug|ARM
		{E2FBE6B1-E293-4392-A635-EFBF77862BC4}.Debug|ARM.Deploy.0 = Debug|ARM
		{E2FBE6B1-E293-4392-A635-EFBF77862BC4}.Debug|ARM64.ActiveCfg = Debug|ARM64
		{E2FBE6B1-E293-4392-A635-EFBF77862BC4}.Debug|ARM64.Build.0 = Debug|ARM64
		{E2FBE6B1-E293-4392-A635-EFBF77862BC4}.Debug|ARM64.Deploy.0 = Debug|ARM64
		{E2FBE6B1-E293-4392-A635-EFBF77862BC4}.Debug|x64.ActiveCfg = Debug|x64
		{E2FBE6B1-E293-4392-A635-EFBF77862BC4}.Debug|x64.Build.0 = Debug|x64
		{E2FBE6B1-E293-4392-A635-EFBF77862BC4}.Debug|x64.Deploy.0 = Debug|x64
		{E2FBE6B1-E293-4392-A635-EFBF77862BC4}.Debug|x86.ActiveCfg = Debug|x86
		{E2FBE6B1-E293-4392-A635-EFBF77862BC4}.Debug|x86.Build.0 = Debug|x86
		{E2FBE6B1-E293-4392-A635-EFBF77862BC4}.Debug|x86.Deploy.0 = Debug|x86
		{E2FBE6B1-E293-4392-A635-EFBF77862BC4}.Release Experimental APIs|Any CPU.ActiveCfg = Release|Any CPU
		{E2FBE6B1-E293-4392-A635-EFBF77862BC4}.Release Experimental APIs|Any CPU.Build.0 = Release|Any CPU
		{E2FBE6B1-E293-4392-A635-EFBF77862BC4}.Release Experimental APIs|Any CPU.Deploy.0 = Release|Any CPU
		{E2FBE6B1-E293-4392-A635-EFBF77862BC4}.Release Experimental APIs|ARM.ActiveCfg = Release|ARM
		{E2FBE6B1-E293-4392-A635-EFBF77862BC4}.Release Experimental APIs|ARM.Build.0 = Release|ARM
		{E2FBE6B1-E293-4392-A635-EFBF77862BC4}.Release Experimental APIs|ARM.Deploy.0 = Release|ARM
		{E2FBE6B1-E293-4392-A635-EFBF77862BC4}.Release Experimental APIs|ARM64.ActiveCfg = Release|ARM64
		{E2FBE6B1-E293-4392-A635-EFBF77862BC4}.Release Experimental APIs|ARM64.Build.0 = Release|ARM64
		{E2FBE6B1-E293-4392-A635-EFBF77862BC4}.Release Experimental APIs|ARM64.Deploy.0 = Release|ARM64
		{E2FBE6B1-E293-4392-A635-EFBF77862BC4}.Release Experimental APIs|x64.ActiveCfg = Release|x64
		{E2FBE6B1-E293-4392-A635-EFBF77862BC4}.Release Experimental APIs|x64.Build.0 = Release|x64
		{E2FBE6B1-E293-4392-A635-EFBF77862BC4}.Release Experimental APIs|x64.Deploy.0 = Release|x64
		{E2FBE6B1-E293-4392-A635-EFBF77862BC4}.Release Experimental APIs|x86.ActiveCfg = Release|x86
		{E2FBE6B1-E293-4392-A635-EFBF77862BC4}.Release Experimental APIs|x86.Build.0 = Release|x86
		{E2FBE6B1-E293-4392-A635-EFBF77862BC4}.Release Experimental APIs|x86.Deploy.0 = Release|x86
		{E2FBE6B1-E293-4392-A635-EFBF77862BC4}.Release Stable APIs|Any CPU.ActiveCfg = Release|Any CPU
		{E2FBE6B1-E293-4392-A635-EFBF77862BC4}.Release Stable APIs|Any CPU.Build.0 = Release|Any CPU
		{E2FBE6B1-E293-4392-A635-EFBF77862BC4}.Release Stable APIs|Any CPU.Deploy.0 = Release|Any CPU
		{E2FBE6B1-E293-4392-A635-EFBF77862BC4}.Release Stable APIs|ARM.ActiveCfg = Release|ARM
		{E2FBE6B1-E293-4392-A635-EFBF77862BC4}.Release Stable APIs|ARM.Build.0 = Release|ARM
		{E2FBE6B1-E293-4392-A635-EFBF77862BC4}.Release Stable APIs|ARM.Deploy.0 = Release|ARM
		{E2FBE6B1-E293-4392-A635-EFBF77862BC4}.Release Stable APIs|ARM64.ActiveCfg = Release|ARM64
		{E2FBE6B1-E293-4392-A635-EFBF77862BC4}.Release Stable APIs|ARM64.Build.0 = Release|ARM64
		{E2FBE6B1-E293-4392-A635-EFBF77862BC4}.Release Stable APIs|ARM64.Deploy.0 = Release|ARM64
		{E2FBE6B1-E293-4392-A635-EFBF77862BC4}.Release Stable APIs|x64.ActiveCfg = Release|x64
		{E2FBE6B1-E293-4392-A635-EFBF77862BC4}.Release Stable APIs|x64.Build.0 = Release|x64
		{E2FBE6B1-E293-4392-A635-EFBF77862BC4}.Release Stable APIs|x64.Deploy.0 = Release|x64
		{E2FBE6B1-E293-4392-A635-EFBF77862BC4}.Release Stable APIs|x86.ActiveCfg = Release|x86
		{E2FBE6B1-E293-4392-A635-EFBF77862BC4}.Release Stable APIs|x86.Build.0 = Release|x86
		{E2FBE6B1-E293-4392-A635-EFBF77862BC4}.Release Stable APIs|x86.Deploy.0 = Release|x86
		{E2FBE6B1-E293-4392-A635-EFBF77862BC4}.Release|Any CPU.ActiveCfg = Release|Any CPU
		{E2FBE6B1-E293-4392-A635-EFBF77862BC4}.Release|Any CPU.Build.0 = Release|Any CPU
		{E2FBE6B1-E293-4392-A635-EFBF77862BC4}.Release|Any CPU.Deploy.0 = Release|Any CPU
		{E2FBE6B1-E293-4392-A635-EFBF77862BC4}.Release|ARM.ActiveCfg = Release|ARM
		{E2FBE6B1-E293-4392-A635-EFBF77862BC4}.Release|ARM.Build.0 = Release|ARM
		{E2FBE6B1-E293-4392-A635-EFBF77862BC4}.Release|ARM.Deploy.0 = Release|ARM
		{E2FBE6B1-E293-4392-A635-EFBF77862BC4}.Release|ARM64.ActiveCfg = Release|ARM64
		{E2FBE6B1-E293-4392-A635-EFBF77862BC4}.Release|ARM64.Build.0 = Release|ARM64
		{E2FBE6B1-E293-4392-A635-EFBF77862BC4}.Release|ARM64.Deploy.0 = Release|ARM64
		{E2FBE6B1-E293-4392-A635-EFBF77862BC4}.Release|x64.ActiveCfg = Release|x64
		{E2FBE6B1-E293-4392-A635-EFBF77862BC4}.Release|x64.Build.0 = Release|x64
		{E2FBE6B1-E293-4392-A635-EFBF77862BC4}.Release|x64.Deploy.0 = Release|x64
		{E2FBE6B1-E293-4392-A635-EFBF77862BC4}.Release|x86.ActiveCfg = Release|x86
		{E2FBE6B1-E293-4392-A635-EFBF77862BC4}.Release|x86.Build.0 = Release|x86
		{E2FBE6B1-E293-4392-A635-EFBF77862BC4}.Release|x86.Deploy.0 = Release|x86
	EndGlobalSection
	GlobalSection(SolutionProperties) = preSolution
		HideSolutionNode = FALSE
	EndGlobalSection
	GlobalSection(ExtensibilityGlobals) = postSolution
		SolutionGuid = {D67C87AC-0755-417B-837B-CF60986F29DF}
	EndGlobalSection
EndGlobal
